
Microsoft Visual Studio Solution File, Format Version 12.00
# Visual Studio 15
VisualStudioVersion = 15.0.26430.12
MinimumVisualStudioVersion = 10.0.40219.1
Project("{FAE04EC0-301F-11D3-BF4B-00C04F79EFBC}") = "TipCalculator", "TipCalculator\TipCalculator\TipCalculator.csproj", "{2B2E2A48-6A9F-4A1B-942B-474A98DB3C9D}"
EndProject
Project("{FAE04EC0-301F-11D3-BF4B-00C04F79EFBC}") = "TipCalculator.iOS", "TipCalculator\TipCalculator.iOS\TipCalculator.iOS.csproj", "{AA8E9D4C-B9F1-46B0-8307-24C8EF4883A4}"
EndProject
Project("{FAE04EC0-301F-11D3-BF4B-00C04F79EFBC}") = "TipCalculator.Droid", "TipCalculator\TipCalculator.Droid\TipCalculator.Droid.csproj", "{8D8AB80E-DE18-4F24-9001-57FE5542C804}"
EndProject
Project("{FAE04EC0-301F-11D3-BF4B-00C04F79EFBC}") = "TipCalculator.UWP", "TipCalculator\TipCalculator.UWP\TipCalculator.UWP.csproj", "{AF6D6F28-152A-4F96-B781-867FF8BA6536}"
EndProject
Global
	GlobalSection(SolutionConfigurationPlatforms) = preSolution
		Ad-Hoc|Any CPU = Ad-Hoc|Any CPU
		Ad-Hoc|ARM = Ad-Hoc|ARM
		Ad-Hoc|iPhone = Ad-Hoc|iPhone
		Ad-Hoc|iPhoneSimulator = Ad-Hoc|iPhoneSimulator
		Ad-Hoc|x86 = Ad-Hoc|x86
		AppStore|Any CPU = AppStore|Any CPU
		AppStore|ARM = AppStore|ARM
		AppStore|iPhone = AppStore|iPhone
		AppStore|iPhoneSimulator = AppStore|iPhoneSimulator
		AppStore|x86 = AppStore|x86
		Debug|Any CPU = Debug|Any CPU
		Debug|ARM = Debug|ARM
		Debug|iPhone = Debug|iPhone
		Debug|iPhoneSimulator = Debug|iPhoneSimulator
		Debug|x86 = Debug|x86
		Release|Any CPU = Release|Any CPU
		Release|ARM = Release|ARM
		Release|iPhone = Release|iPhone
		Release|iPhoneSimulator = Release|iPhoneSimulator
		Release|x86 = Release|x86
	EndGlobalSection
	GlobalSection(ProjectConfigurationPlatforms) = postSolution
		{2B2E2A48-6A9F-4A1B-942B-474A98DB3C9D}.Ad-Hoc|Any CPU.ActiveCfg = Release|Any CPU
		{2B2E2A48-6A9F-4A1B-942B-474A98DB3C9D}.Ad-Hoc|Any CPU.Build.0 = Release|Any CPU
		{2B2E2A48-6A9F-4A1B-942B-474A98DB3C9D}.Ad-Hoc|ARM.ActiveCfg = Release|Any CPU
		{2B2E2A48-6A9F-4A1B-942B-474A98DB3C9D}.Ad-Hoc|ARM.Build.0 = Release|Any CPU
		{2B2E2A48-6A9F-4A1B-942B-474A98DB3C9D}.Ad-Hoc|iPhone.ActiveCfg = Release|Any CPU
		{2B2E2A48-6A9F-4A1B-942B-474A98DB3C9D}.Ad-Hoc|iPhone.Build.0 = Release|Any CPU
		{2B2E2A48-6A9F-4A1B-942B-474A98DB3C9D}.Ad-Hoc|iPhoneSimulator.ActiveCfg = Release|Any CPU
		{2B2E2A48-6A9F-4A1B-942B-474A98DB3C9D}.Ad-Hoc|iPhoneSimulator.Build.0 = Release|Any CPU
		{2B2E2A48-6A9F-4A1B-942B-474A98DB3C9D}.Ad-Hoc|x86.ActiveCfg = Release|Any CPU
		{2B2E2A48-6A9F-4A1B-942B-474A98DB3C9D}.Ad-Hoc|x86.Build.0 = Release|Any CPU
		{2B2E2A48-6A9F-4A1B-942B-474A98DB3C9D}.AppStore|Any CPU.ActiveCfg = Release|Any CPU
		{2B2E2A48-6A9F-4A1B-942B-474A98DB3C9D}.AppStore|Any CPU.Build.0 = Release|Any CPU
		{2B2E2A48-6A9F-4A1B-942B-474A98DB3C9D}.AppStore|ARM.ActiveCfg = Release|Any CPU
		{2B2E2A48-6A9F-4A1B-942B-474A98DB3C9D}.AppStore|ARM.Build.0 = Release|Any CPU
		{2B2E2A48-6A9F-4A1B-942B-474A98DB3C9D}.AppStore|iPhone.ActiveCfg = Release|Any CPU
		{2B2E2A48-6A9F-4A1B-942B-474A98DB3C9D}.AppStore|iPhone.Build.0 = Release|Any CPU
		{2B2E2A48-6A9F-4A1B-942B-474A98DB3C9D}.AppStore|iPhoneSimulator.ActiveCfg = Release|Any CPU
		{2B2E2A48-6A9F-4A1B-942B-474A98DB3C9D}.AppStore|iPhoneSimulator.Build.0 = Release|Any CPU
		{2B2E2A48-6A9F-4A1B-942B-474A98DB3C9D}.AppStore|x86.ActiveCfg = Release|Any CPU
		{2B2E2A48-6A9F-4A1B-942B-474A98DB3C9D}.AppStore|x86.Build.0 = Release|Any CPU
		{2B2E2A48-6A9F-4A1B-942B-474A98DB3C9D}.Debug|Any CPU.ActiveCfg = Debug|Any CPU
		{2B2E2A48-6A9F-4A1B-942B-474A98DB3C9D}.Debug|Any CPU.Build.0 = Debug|Any CPU
		{2B2E2A48-6A9F-4A1B-942B-474A98DB3C9D}.Debug|ARM.ActiveCfg = Debug|Any CPU
		{2B2E2A48-6A9F-4A1B-942B-474A98DB3C9D}.Debug|ARM.Build.0 = Debug|Any CPU
		{2B2E2A48-6A9F-4A1B-942B-474A98DB3C9D}.Debug|iPhone.ActiveCfg = Debug|Any CPU
		{2B2E2A48-6A9F-4A1B-942B-474A98DB3C9D}.Debug|iPhone.Build.0 = Debug|Any CPU
		{2B2E2A48-6A9F-4A1B-942B-474A98DB3C9D}.Debug|iPhoneSimulator.ActiveCfg = Debug|Any CPU
		{2B2E2A48-6A9F-4A1B-942B-474A98DB3C9D}.Debug|iPhoneSimulator.Build.0 = Debug|Any CPU
		{2B2E2A48-6A9F-4A1B-942B-474A98DB3C9D}.Debug|x86.ActiveCfg = Debug|Any CPU
		{2B2E2A48-6A9F-4A1B-942B-474A98DB3C9D}.Debug|x86.Build.0 = Debug|Any CPU
		{2B2E2A48-6A9F-4A1B-942B-474A98DB3C9D}.Release|Any CPU.ActiveCfg = Release|Any CPU
		{2B2E2A48-6A9F-4A1B-942B-474A98DB3C9D}.Release|Any CPU.Build.0 = Release|Any CPU
		{2B2E2A48-6A9F-4A1B-942B-474A98DB3C9D}.Release|ARM.ActiveCfg = Release|Any CPU
		{2B2E2A48-6A9F-4A1B-942B-474A98DB3C9D}.Release|ARM.Build.0 = Release|Any CPU
		{2B2E2A48-6A9F-4A1B-942B-474A98DB3C9D}.Release|iPhone.ActiveCfg = Release|Any CPU
		{2B2E2A48-6A9F-4A1B-942B-474A98DB3C9D}.Release|iPhone.Build.0 = Release|Any CPU
		{2B2E2A48-6A9F-4A1B-942B-474A98DB3C9D}.Release|iPhoneSimulator.ActiveCfg = Release|Any CPU
		{2B2E2A48-6A9F-4A1B-942B-474A98DB3C9D}.Release|iPhoneSimulator.Build.0 = Release|Any CPU
		{2B2E2A48-6A9F-4A1B-942B-474A98DB3C9D}.Release|x86.ActiveCfg = Release|Any CPU
		{2B2E2A48-6A9F-4A1B-942B-474A98DB3C9D}.Release|x86.Build.0 = Release|Any CPU
		{AA8E9D4C-B9F1-46B0-8307-24C8EF4883A4}.Ad-Hoc|Any CPU.ActiveCfg = Ad-Hoc|iPhone
		{AA8E9D4C-B9F1-46B0-8307-24C8EF4883A4}.Ad-Hoc|Any CPU.Build.0 = Ad-Hoc|iPhone
		{AA8E9D4C-B9F1-46B0-8307-24C8EF4883A4}.Ad-Hoc|ARM.ActiveCfg = Ad-Hoc|iPhone
		{AA8E9D4C-B9F1-46B0-8307-24C8EF4883A4}.Ad-Hoc|iPhone.ActiveCfg = Ad-Hoc|iPhone
		{AA8E9D4C-B9F1-46B0-8307-24C8EF4883A4}.Ad-Hoc|iPhone.Build.0 = Ad-Hoc|iPhone
		{AA8E9D4C-B9F1-46B0-8307-24C8EF4883A4}.Ad-Hoc|iPhoneSimulator.ActiveCfg = Ad-Hoc|iPhoneSimulator
		{AA8E9D4C-B9F1-46B0-8307-24C8EF4883A4}.Ad-Hoc|iPhoneSimulator.Build.0 = Ad-Hoc|iPhoneSimulator
		{AA8E9D4C-B9F1-46B0-8307-24C8EF4883A4}.Ad-Hoc|x86.ActiveCfg = Ad-Hoc|iPhone
		{AA8E9D4C-B9F1-46B0-8307-24C8EF4883A4}.AppStore|Any CPU.ActiveCfg = AppStore|iPhone
		{AA8E9D4C-B9F1-46B0-8307-24C8EF4883A4}.AppStore|Any CPU.Build.0 = AppStore|iPhone
		{AA8E9D4C-B9F1-46B0-8307-24C8EF4883A4}.AppStore|ARM.ActiveCfg = AppStore|iPhone
		{AA8E9D4C-B9F1-46B0-8307-24C8EF4883A4}.AppStore|iPhone.ActiveCfg = AppStore|iPhone
		{AA8E9D4C-B9F1-46B0-8307-24C8EF4883A4}.AppStore|iPhone.Build.0 = AppStore|iPhone
		{AA8E9D4C-B9F1-46B0-8307-24C8EF4883A4}.AppStore|iPhoneSimulator.ActiveCfg = AppStore|iPhoneSimulator
		{AA8E9D4C-B9F1-46B0-8307-24C8EF4883A4}.AppStore|iPhoneSimulator.Build.0 = AppStore|iPhoneSimulator
		{AA8E9D4C-B9F1-46B0-8307-24C8EF4883A4}.AppStore|x86.ActiveCfg = AppStore|iPhone
		{AA8E9D4C-B9F1-46B0-8307-24C8EF4883A4}.Debug|Any CPU.ActiveCfg = Debug|iPhoneSimulator
		{AA8E9D4C-B9F1-46B0-8307-24C8EF4883A4}.Debug|Any CPU.Build.0 = Debug|iPhoneSimulator
		{AA8E9D4C-B9F1-46B0-8307-24C8EF4883A4}.Debug|ARM.ActiveCfg = Debug|iPhone
		{AA8E9D4C-B9F1-46B0-8307-24C8EF4883A4}.Debug|iPhone.ActiveCfg = Debug|iPhone
		{AA8E9D4C-B9F1-46B0-8307-24C8EF4883A4}.Debug|iPhone.Build.0 = Debug|iPhone
		{AA8E9D4C-B9F1-46B0-8307-24C8EF4883A4}.Debug|iPhoneSimulator.ActiveCfg = Debug|iPhoneSimulator
		{AA8E9D4C-B9F1-46B0-8307-24C8EF4883A4}.Debug|iPhoneSimulator.Build.0 = Debug|iPhoneSimulator
		{AA8E9D4C-B9F1-46B0-8307-24C8EF4883A4}.Debug|x86.ActiveCfg = Debug|iPhone
		{AA8E9D4C-B9F1-46B0-8307-24C8EF4883A4}.Release|Any CPU.ActiveCfg = Release|iPhone
		{AA8E9D4C-B9F1-46B0-8307-24C8EF4883A4}.Release|Any CPU.Build.0 = Release|iPhone
		{AA8E9D4C-B9F1-46B0-8307-24C8EF4883A4}.Release|ARM.ActiveCfg = Release|iPhone
		{AA8E9D4C-B9F1-46B0-8307-24C8EF4883A4}.Release|iPhone.ActiveCfg = Release|iPhone
		{AA8E9D4C-B9F1-46B0-8307-24C8EF4883A4}.Release|iPhone.Build.0 = Release|iPhone
		{AA8E9D4C-B9F1-46B0-8307-24C8EF4883A4}.Release|iPhoneSimulator.ActiveCfg = Release|iPhoneSimulator
		{AA8E9D4C-B9F1-46B0-8307-24C8EF4883A4}.Release|iPhoneSimulator.Build.0 = Release|iPhoneSimulator
		{AA8E9D4C-B9F1-46B0-8307-24C8EF4883A4}.Release|x86.ActiveCfg = Release|iPhone
		{8D8AB80E-DE18-4F24-9001-57FE5542C804}.Ad-Hoc|Any CPU.ActiveCfg = Release|Any CPU
		{8D8AB80E-DE18-4F24-9001-57FE5542C804}.Ad-Hoc|Any CPU.Build.0 = Release|Any CPU
		{8D8AB80E-DE18-4F24-9001-57FE5542C804}.Ad-Hoc|Any CPU.Deploy.0 = Release|Any CPU
		{8D8AB80E-DE18-4F24-9001-57FE5542C804}.Ad-Hoc|ARM.ActiveCfg = Release|Any CPU
		{8D8AB80E-DE18-4F24-9001-57FE5542C804}.Ad-Hoc|ARM.Build.0 = Release|Any CPU
		{8D8AB80E-DE18-4F24-9001-57FE5542C804}.Ad-Hoc|ARM.Deploy.0 = Release|Any CPU
		{8D8AB80E-DE18-4F24-9001-57FE5542C804}.Ad-Hoc|iPhone.ActiveCfg = Release|Any CPU
		{8D8AB80E-DE18-4F24-9001-57FE5542C804}.Ad-Hoc|iPhone.Build.0 = Release|Any CPU
		{8D8AB80E-DE18-4F24-9001-57FE5542C804}.Ad-Hoc|iPhone.Deploy.0 = Release|Any CPU
		{8D8AB80E-DE18-4F24-9001-57FE5542C804}.Ad-Hoc|iPhoneSimulator.ActiveCfg = Release|Any CPU
		{8D8AB80E-DE18-4F24-9001-57FE5542C804}.Ad-Hoc|iPhoneSimulator.Build.0 = Release|Any CPU
		{8D8AB80E-DE18-4F24-9001-57FE5542C804}.Ad-Hoc|iPhoneSimulator.Deploy.0 = Release|Any CPU
		{8D8AB80E-DE18-4F24-9001-57FE5542C804}.Ad-Hoc|x86.ActiveCfg = Release|Any CPU
		{8D8AB80E-DE18-4F24-9001-57FE5542C804}.Ad-Hoc|x86.Build.0 = Release|Any CPU
		{8D8AB80E-DE18-4F24-9001-57FE5542C804}.Ad-Hoc|x86.Deploy.0 = Release|Any CPU
		{8D8AB80E-DE18-4F24-9001-57FE5542C804}.AppStore|Any CPU.ActiveCfg = Release|Any CPU
		{8D8AB80E-DE18-4F24-9001-57FE5542C804}.AppStore|Any CPU.Build.0 = Release|Any CPU
		{8D8AB80E-DE18-4F24-9001-57FE5542C804}.AppStore|Any CPU.Deploy.0 = Release|Any CPU
		{8D8AB80E-DE18-4F24-9001-57FE5542C804}.AppStore|ARM.ActiveCfg = Release|Any CPU
		{8D8AB80E-DE18-4F24-9001-57FE5542C804}.AppStore|ARM.Build.0 = Release|Any CPU
		{8D8AB80E-DE18-4F24-9001-57FE5542C804}.AppStore|ARM.Deploy.0 = Release|Any CPU
		{8D8AB80E-DE18-4F24-9001-57FE5542C804}.AppStore|iPhone.ActiveCfg = Release|Any CPU
		{8D8AB80E-DE18-4F24-9001-57FE5542C804}.AppStore|iPhone.Build.0 = Release|Any CPU
		{8D8AB80E-DE18-4F24-9001-57FE5542C804}.AppStore|iPhone.Deploy.0 = Release|Any CPU
		{8D8AB80E-DE18-4F24-9001-57FE5542C804}.AppStore|iPhoneSimulator.ActiveCfg = Release|Any CPU
		{8D8AB80E-DE18-4F24-9001-57FE5542C804}.AppStore|iPhoneSimulator.Build.0 = Release|Any CPU
		{8D8AB80E-DE18-4F24-9001-57FE5542C804}.AppStore|iPhoneSimulator.Deploy.0 = Release|Any CPU
		{8D8AB80E-DE18-4F24-9001-57FE5542C804}.AppStore|x86.ActiveCfg = Release|Any CPU
		{8D8AB80E-DE18-4F24-9001-57FE5542C804}.AppStore|x86.Build.0 = Release|Any CPU
		{8D8AB80E-DE18-4F24-9001-57FE5542C804}.AppStore|x86.Deploy.0 = Release|Any CPU
		{8D8AB80E-DE18-4F24-9001-57FE5542C804}.Debug|Any CPU.ActiveCfg = Debug|Any CPU
		{8D8AB80E-DE18-4F24-9001-57FE5542C804}.Debug|Any CPU.Build.0 = Debug|Any CPU
		{8D8AB80E-DE18-4F24-9001-57FE5542C804}.Debug|Any CPU.Deploy.0 = Debug|Any CPU
		{8D8AB80E-DE18-4F24-9001-57FE5542C804}.Debug|ARM.ActiveCfg = Debug|Any CPU
		{8D8AB80E-DE18-4F24-9001-57FE5542C804}.Debug|ARM.Build.0 = Debug|Any CPU
		{8D8AB80E-DE18-4F24-9001-57FE5542C804}.Debug|ARM.Deploy.0 = Debug|Any CPU
		{8D8AB80E-DE18-4F24-9001-57FE5542C804}.Debug|iPhone.ActiveCfg = Debug|Any CPU
		{8D8AB80E-DE18-4F24-9001-57FE5542C804}.Debug|iPhone.Build.0 = Debug|Any CPU
		{8D8AB80E-DE18-4F24-9001-57FE5542C804}.Debug|iPhone.Deploy.0 = Debug|Any CPU
		{8D8AB80E-DE18-4F24-9001-57FE5542C804}.Debug|iPhoneSimulator.ActiveCfg = Debug|Any CPU
		{8D8AB80E-DE18-4F24-9001-57FE5542C804}.Debug|iPhoneSimulator.Build.0 = Debug|Any CPU
		{8D8AB80E-DE18-4F24-9001-57FE5542C804}.Debug|iPhoneSimulator.Deploy.0 = Debug|Any CPU
		{8D8AB80E-DE18-4F24-9001-57FE5542C804}.Debug|x86.ActiveCfg = Debug|Any CPU
		{8D8AB80E-DE18-4F24-9001-57FE5542C804}.Debug|x86.Build.0 = Debug|Any CPU
		{8D8AB80E-DE18-4F24-9001-57FE5542C804}.Debug|x86.Deploy.0 = Debug|Any CPU
		{8D8AB80E-DE18-4F24-9001-57FE5542C804}.Release|Any CPU.ActiveCfg = Release|Any CPU
		{8D8AB80E-DE18-4F24-9001-57FE5542C804}.Release|Any CPU.Build.0 = Release|Any CPU
		{8D8AB80E-DE18-4F24-9001-57FE5542C804}.Release|Any CPU.Deploy.0 = Release|Any CPU
		{8D8AB80E-DE18-4F24-9001-57FE5542C804}.Release|ARM.ActiveCfg = Release|Any CPU
		{8D8AB80E-DE18-4F24-9001-57FE5542C804}.Release|ARM.Build.0 = Release|Any CPU
		{8D8AB80E-DE18-4F24-9001-57FE5542C804}.Release|ARM.Deploy.0 = Release|Any CPU
		{8D8AB80E-DE18-4F24-9001-57FE5542C804}.Release|iPhone.ActiveCfg = Release|Any CPU
		{8D8AB80E-DE18-4F24-9001-57FE5542C804}.Release|iPhone.Build.0 = Release|Any CPU
		{8D8AB80E-DE18-4F24-9001-57FE5542C804}.Release|iPhone.Deploy.0 = Release|Any CPU
		{8D8AB80E-DE18-4F24-9001-57FE5542C804}.Release|iPhoneSimulator.ActiveCfg = Release|Any CPU
		{8D8AB80E-DE18-4F24-9001-57FE5542C804}.Release|iPhoneSimulator.Build.0 = Release|Any CPU
		{8D8AB80E-DE18-4F24-9001-57FE5542C804}.Release|iPhoneSimulator.Deploy.0 = Release|Any CPU
		{8D8AB80E-DE18-4F24-9001-57FE5542C804}.Release|x86.ActiveCfg = Release|Any CPU
		{8D8AB80E-DE18-4F24-9001-57FE5542C804}.Release|x86.Build.0 = Release|Any CPU
		{8D8AB80E-DE18-4F24-9001-57FE5542C804}.Release|x86.Deploy.0 = Release|Any CPU
		{AF6D6F28-152A-4F96-B781-867FF8BA6536}.Ad-Hoc|Any CPU.ActiveCfg = Release|x86
		{AF6D6F28-152A-4F96-B781-867FF8BA6536}.Ad-Hoc|Any CPU.Build.0 = Release|x86
		{AF6D6F28-152A-4F96-B781-867FF8BA6536}.Ad-Hoc|Any CPU.Deploy.0 = Release|x86
		{AF6D6F28-152A-4F96-B781-867FF8BA6536}.Ad-Hoc|ARM.ActiveCfg = Release|ARM
		{AF6D6F28-152A-4F96-B781-867FF8BA6536}.Ad-Hoc|ARM.Build.0 = Release|ARM
		{AF6D6F28-152A-4F96-B781-867FF8BA6536}.Ad-Hoc|ARM.Deploy.0 = Release|ARM
		{AF6D6F28-152A-4F96-B781-867FF8BA6536}.Ad-Hoc|iPhone.ActiveCfg = Release|x86
		{AF6D6F28-152A-4F96-B781-867FF8BA6536}.Ad-Hoc|iPhone.Build.0 = Release|x86
		{AF6D6F28-152A-4F96-B781-867FF8BA6536}.Ad-Hoc|iPhone.Deploy.0 = Release|x86
		{AF6D6F28-152A-4F96-B781-867FF8BA6536}.Ad-Hoc|iPhoneSimulator.ActiveCfg = Release|x86
		{AF6D6F28-152A-4F96-B781-867FF8BA6536}.Ad-Hoc|iPhoneSimulator.Build.0 = Release|x86
		{AF6D6F28-152A-4F96-B781-867FF8BA6536}.Ad-Hoc|iPhoneSimulator.Deploy.0 = Release|x86
		{AF6D6F28-152A-4F96-B781-867FF8BA6536}.Ad-Hoc|x86.ActiveCfg = Release|x86
		{AF6D6F28-152A-4F96-B781-867FF8BA6536}.Ad-Hoc|x86.Build.0 = Release|x86
		{AF6D6F28-152A-4F96-B781-867FF8BA6536}.Ad-Hoc|x86.Deploy.0 = Release|x86
		{AF6D6F28-152A-4F96-B781-867FF8BA6536}.AppStore|Any CPU.ActiveCfg = Release|x86
		{AF6D6F28-152A-4F96-B781-867FF8BA6536}.AppStore|Any CPU.Build.0 = Release|x86
		{AF6D6F28-152A-4F96-B781-867FF8BA6536}.AppStore|Any CPU.Deploy.0 = Release|x86
		{AF6D6F28-152A-4F96-B781-867FF8BA6536}.AppStore|ARM.ActiveCfg = Release|ARM
		{AF6D6F28-152A-4F96-B781-867FF8BA6536}.AppStore|ARM.Build.0 = Release|ARM
		{AF6D6F28-152A-4F96-B781-867FF8BA6536}.AppStore|ARM.Deploy.0 = Release|ARM
		{AF6D6F28-152A-4F96-B781-867FF8BA6536}.AppStore|iPhone.ActiveCfg = Release|x86
		{AF6D6F28-152A-4F96-B781-867FF8BA6536}.AppStore|iPhone.Build.0 = Release|x86
		{AF6D6F28-152A-4F96-B781-867FF8BA6536}.AppStore|iPhone.Deploy.0 = Release|x86
		{AF6D6F28-152A-4F96-B781-867FF8BA6536}.AppStore|iPhoneSimulator.ActiveCfg = Release|x86
		{AF6D6F28-152A-4F96-B781-867FF8BA6536}.AppStore|iPhoneSimulator.Build.0 = Release|x86
		{AF6D6F28-152A-4F96-B781-867FF8BA6536}.AppStore|iPhoneSimulator.Deploy.0 = Release|x86
		{AF6D6F28-152A-4F96-B781-867FF8BA6536}.AppStore|x86.ActiveCfg = Release|x86
		{AF6D6F28-152A-4F96-B781-867FF8BA6536}.AppStore|x86.Build.0 = Release|x86
		{AF6D6F28-152A-4F96-B781-867FF8BA6536}.AppStore|x86.Deploy.0 = Release|x86
		{AF6D6F28-152A-4F96-B781-867FF8BA6536}.Debug|Any CPU.ActiveCfg = Debug|x86
		{AF6D6F28-152A-4F96-B781-867FF8BA6536}.Debug|Any CPU.Build.0 = Debug|x86
		{AF6D6F28-152A-4F96-B781-867FF8BA6536}.Debug|Any CPU.Deploy.0 = Debug|x86
		{AF6D6F28-152A-4F96-B781-867FF8BA6536}.Debug|ARM.ActiveCfg = Debug|ARM
		{AF6D6F28-152A-4F96-B781-867FF8BA6536}.Debug|ARM.Build.0 = Debug|ARM
		{AF6D6F28-152A-4F96-B781-867FF8BA6536}.Debug|ARM.Deploy.0 = Debug|ARM
		{AF6D6F28-152A-4F96-B781-867FF8BA6536}.Debug|iPhone.ActiveCfg = Debug|x86
		{AF6D6F28-152A-4F96-B781-867FF8BA6536}.Debug|iPhone.Build.0 = Debug|x86
		{AF6D6F28-152A-4F96-B781-867FF8BA6536}.Debug|iPhone.Deploy.0 = Debug|x86
		{AF6D6F28-152A-4F96-B781-867FF8BA6536}.Debug|iPhoneSimulator.ActiveCfg = Debug|x86
		{AF6D6F28-152A-4F96-B781-867FF8BA6536}.Debug|iPhoneSimulator.Build.0 = Debug|x86
		{AF6D6F28-152A-4F96-B781-867FF8BA6536}.Debug|iPhoneSimulator.Deploy.0 = Debug|x86
		{AF6D6F28-152A-4F96-B781-867FF8BA6536}.Debug|x86.ActiveCfg = Debug|x86
		{AF6D6F28-152A-4F96-B781-867FF8BA6536}.Debug|x86.Build.0 = Debug|x86
		{AF6D6F28-152A-4F96-B781-867FF8BA6536}.Debug|x86.Deploy.0 = Debug|x86
		{AF6D6F28-152A-4F96-B781-867FF8BA6536}.Release|Any CPU.ActiveCfg = Release|x86
		{AF6D6F28-152A-4F96-B781-867FF8BA6536}.Release|Any CPU.Build.0 = Release|x86
		{AF6D6F28-152A-4F96-B781-867FF8BA6536}.Release|Any CPU.Deploy.0 = Release|x86
		{AF6D6F28-152A-4F96-B781-867FF8BA6536}.Release|ARM.ActiveCfg = Release|ARM
		{AF6D6F28-152A-4F96-B781-867FF8BA6536}.Release|ARM.Build.0 = Release|ARM
		{AF6D6F28-152A-4F96-B781-867FF8BA6536}.Release|ARM.Deploy.0 = Release|ARM
		{AF6D6F28-152A-4F96-B781-867FF8BA6536}.Release|iPhone.ActiveCfg = Release|x86
		{AF6D6F28-152A-4F96-B781-867FF8BA6536}.Release|iPhone.Build.0 = Release|x86
		{AF6D6F28-152A-4F96-B781-867FF8BA6536}.Release|iPhone.Deploy.0 = Release|x86
		{AF6D6F28-152A-4F96-B781-867FF8BA6536}.Release|iPhoneSimulator.ActiveCfg = Release|x86
		{AF6D6F28-152A-4F96-B781-867FF8BA6536}.Release|iPhoneSimulator.Build.0 = Release|x86
		{AF6D6F28-152A-4F96-B781-867FF8BA6536}.Release|iPhoneSimulator.Deploy.0 = Release|x86
		{AF6D6F28-152A-4F96-B781-867FF8BA6536}.Release|x86.ActiveCfg = Release|x86
		{AF6D6F28-152A-4F96-B781-867FF8BA6536}.Release|x86.Build.0 = Release|x86
		{AF6D6F28-152A-4F96-B781-867FF8BA6536}.Release|x86.Deploy.0 = Release|x86
	EndGlobalSection
	GlobalSection(SolutionProperties) = preSolution
		HideSolutionNode = FALSE
	EndGlobalSection
EndGlobal
